github.com/araddon/gou v0.0.0-20190110011759-c797efecbb61 h1:Xz25cuW4REGC5W5UtpMU3QItMIImag615HiQcRbxqKQ=
github.com/araddon/gou v0.0.0-20190110011759-c797efecbb61/go.mod h1:ikc1XA58M+Rx7SEbf0bLJCfBkwayZ8T5jBo5FXK8Uz8=
github.com/bitly/go-hostpool v0.1.0 h1:XKmsF6k5el6xHG3WPJ8U0Ku/ye7njX7W81Ng7O2ioR0=
github.com/bitly/go-hostpool v0.1.0/go.mod h1:4gOCgp6+NZnVqlKyZ/iBZFTAJKembaVENUpMkpg42fw=
github.com/davecgh/go-spew v1.1.0/go.mod h1:J7Y8YcW2NihsgmVo/mv3lAwl/skON4iLHjSsI+c5H38=
github.com/davecgh/go-spew v1.1.1/go.mod h1:J7Y8YcW2NihsgmVo/mv3lAwl/skON4iLHjSsI+c5H38=
github.com/google/uuid v1.1.1 h1:Gkbcsh/GbpXz7lPftLA3P6TYMwjCLYm83jiFQZF/3gY=
github.com/google/uuid v1.1.1/go.mod h1:TIyPZe4MgqvfeYDBFedMoGGpEw/LqOeaOT+nhxU+yHo=
github.com/gorilla/mux v1.7.2 h1:zoNxOV7WjqXptQOVngLmcSQgXmgk4NMz1HibBchjl/I=
github.com/gorilla/mux v1.7.2/go.mod h1:1lud6UwP+6orDFRuTfBEV8e9/aOM/c4fVVCaMa2zaAs=
github.com/hhkbp2/go-logging v0.3.0 h1:P8WoxS+VgYa0Nfu9HSKgQZZmz7wrGzpuy33mBeAX4+I=
github.com/hhkbp2/go-logging v0.3.0/go.mod h1:zAp/KbVJna4DHUdeSPYGsRNn9c62x569NIr9ssBuZ/I=
github.com/hhkbp2/go-strftime v0.0.0-20150709091403-d82166ec6782 h1:Evl9i7wBY3bjJ3NqHs0ldhnKOdQL4Kaum9ve1JAmiCE=
github.com/hhkbp2/go-strftime v0.0.0-20150709091403-d82166ec6782/go.mod h1:x8/IOQ5qQ4DKfiTmD9wBhQ40edg5wh7gMRwdLg07mMw=
github.com/konsorten/go-windows-terminal-sequences v1.0.1/go.mod h1:T0+1ngSBFLxvqU3pZ+m/2kptfBszLMUkC4ZK/EgS/cQ=
github.com/konsorten/go-windows-terminal-sequences v1.0.2 h1:DB17ag19krx9CFsz4o3enTrPXyIXCl+2iCXH/aMAp9s=
github.com/konsorten/go-windows-terminal-sequences v1.0.2/go.mod h1:T0+1ngSBFLxvqU3pZ+m/2kptfBszLMUkC4ZK/EgS/cQ=
github.com/mattbaird/elastigo v0.0.0-20170123220020-2fe47fd29e4b h1:v29yPGHhOqw7VHEnTeQFAth3SsBrmwc8JfuhNY0G34k=
github.com/mattbaird/elastigo v0.0.0-20170123220020-2fe47fd29e4b/go.mod h1:5MWrJXKRQyhQdUCF+vu6U5c4nQpg70vW3eHaU0/AYbU=
github.com/mattn/go-isatty v0.0.11 h1:FxPOTFNqGkuDUGi3H/qkUbQO4ZiBa2brKq5r0l8TGeM=
github.com/mattn/go-isatty v0.0.11/go.mod h1:PhnuNfih5lzO57/f3n+odYbM4JtupLOxQOAqxQCu2WE=
github.com/onrik/logrus v0.3.0 h1:ZT6RIq4f167sZfaXU1g/moF4LnThhGhUIXAw3klyLag=
github.com/onrik/logrus v0.3.0/go.mod h1:qfe9NeZVAJfIxviw3cYkZo3kvBtLoPRJriAO8zl7qTk=
github.com/pborman/uuid v0.0.0-20180906182336-adf5a7427709 h1:zNBQb37RGLmJybyMcs983HfUfpkw9OTFD9tbBfAViHE=
github.com/pborman/uuid v0.0.0-20180906182336-adf5a7427709/go.mod h1:VyrYX9gd7irzKovcSS6BIIEwPRkP2Wm2m9ufcdFSJ34=
github.com/pmezard/go-difflib v1.0.0/go.mod h1:iKH77koFhYxTK1pcRnkKkqfTogsbg7gZNVY4sRDYZ/4=
github.com/sadlil/gologger v0.0.0-20151022035231-e2f17a20cc01 h1:h42vIj7VhpAQuv04SYnqumGgS7kS2dYTqtaUwrTefZY=
github.com/sadlil/gologger v0.0.0-20151022035231-e2f17a20cc01/go.mod h1:X7rpSlB93aR9tolgASgCxXZXNISbAT1LRYdO6TnmaSc=
github.com/shiena/ansicolor v0.0.0-20151119151921-a422bbe96644 h1:X+yvsM2yrEktyI+b2qND5gpH8YhURn0k8OCaeRnkINo=
github.com/shiena/ansicolor v0.0.0-20151119151921-a422bbe96644/go.mod h1:nkxAfR/5quYxwPZhyDxgasBMnRtBZd0FCEpawpjMUFg=
github.com/sirupsen/logrus v1.4.2 h1:SPIRibHv4MatM3XXNO2BJeFLZwZ2LvZgfQ5+UNI2im4=
github.com/sirupsen/logrus v1.4.2/go.mod h1:tLMulIdttU9McNUspp0xgXVQah82FyeX6MwdIuYE2rE=
github.com/stretchr/objx v0.1.0/go.mod h1:HFkY916IF+rwdDfMAkV7OtwuqBVzrE8GR6GFx+wExME=
github.com/stretchr/objx v0.1.1/go.mod h1:HFkY916IF+rwdDfMAkV7OtwuqBVzrE8GR6GFx+wExME=
github.com/stretchr/testify v1.2.2/go.mod h1:a8OnRcib4nhh0OaRAV+Yts87kKdq0PP7pXfy6kDkUVs=
github.com/stretchr/testify v1.4.0/go.mod h1:j7eGeouHqKxXV5pUuKE4zz7dFj8WfuZ+81PSLYec5m4=
github.com/yasuyuky/jsonpath v0.0.0-20180525223741-1a88054325d2 h1:YFJWA3DsxdJu840hZUVdZ5DnqwGbwKD8ko0mu5TdNtw=
github.com/yasuyuky/jsonpath v0.0.0-20180525223741-1a88054325d2/go.mod h1:x4QwLw8j+t7BOBV6YQ03JWssbkE/imJ5obiXBvMauEQ=
golang.org/x/sys v0.0.0-20190422165155-953cdadca894/go.mod h1:h1NjWce9XRLGQEsW7wpKNCjG9DtNlClVuFLEZdDNbEs=
golang.org/x/sys v0.0.0-20190527104216-9cd6430ef91e/go.mod h1:h1NjWce9XRLGQEsW7wpKNCjG9DtNlClVuFLEZdDNbEs=
golang.org/x/sys v0.0.0-20191026070338-33540a1f6037 h1:YyJpGZS1sBuBCzLAR1VEpK193GlqGZbnPFnPV/5Rsb4=
golang.org/x/sys v0.0.0-20191026070338-33540a1f6037/go.mod h1:h1NjWce9XRLGQEsW7wpKNCjG9DtNlClVuFLEZdDNbEs=
gopkg.in/check.v1 v0.0.0-20161208181325-20d25e280405/go.mod h1:Co6ibVJAznAaIkqp8huTwlJQCZ016jof/cbN4VW5Yz0=
gopkg.in/mgo.v2 v2.0.0-20180705113604-9856a29383ce/go.mod h1:yeKp02qBN3iKW1OzL3MGk2IdtZzaj7SFntXj72NppTA=
gopkg.in/yaml.v2 v2.2.2/go.mod h1:hI93XBmqTisBFMUTm0b8Fm+jr3Dg1NNxqwp+5A1VGuI=
gopkg.in/yaml.v2 v2.2.7 h1:VUgggvou5XRW9mHwD/yXxIYSMtY0zoKQf/v226p2nyo=
gopkg.in/yaml.v2 v2.2.7/go.mod h1:hI93XBmqTisBFMUTm0b8Fm+jr3Dg1NNxqwp+5A1VGuI=
