# This file is autogenerated, do not edit; changes may be undone by the next 'dep ensure'.


[[projects]]
  branch = "master"
  digest = "1:6ad094cbcdd81b4c2eb3e390be42a43bbd384b6085ac61bd403073a3f4ba5c20"
  name = "github.com/araddon/gou"
  packages = ["."]
  pruneopts = "UT"
  revision = "c797efecbb6162ea2d4200cdf779c8b73da7233c"

[[projects]]
  digest = "1:4f23bfcc0fac26161ae7495a98538d476d0cd52309a6caeee66664261f11b4d3"
  name = "github.com/bitly/go-hostpool"
  packages = ["."]
  pruneopts = "UT"
  revision = "5d3b4dc6ed4701a761ee884fd803b0a0879744f1"
  version = "v0.1.0"

[[projects]]
  digest = "1:582b704bebaa06b48c29b0cec224a6058a09c86883aaddabde889cd1a5f73e1b"
  name = "github.com/google/uuid"
  packages = ["."]
  pruneopts = "UT"
  revision = "0cd6bf5da1e1c83f8b45653022c74f71af0538a4"
  version = "v1.1.1"

[[projects]]
  digest = "1:3af6be4fee7c08f81f13d36f04ffb63ad4b6b5aaba12cce96095c7c2863d4912"
  name = "github.com/gorilla/mux"
  packages = ["."]
  pruneopts = "UT"
  revision = "ed099d42384823742bba0bf9a72b53b55c9e2e38"
  version = "v1.7.2"

[[projects]]
  digest = "1:69906336c436afeb73648476daf20d0dd8d49a065c51136413260fe988fa0ba5"
  name = "github.com/hhkbp2/go-logging"
  packages = ["."]
  pruneopts = "UT"
  revision = "5352d5ef7c7bfeb72a889080b287d3ea11404391"
  version = "v0.3.0"

[[projects]]
  branch = "master"
  digest = "1:59bef1cfccc64c7bdb982616cac74938dea4ce2c5a0679905d9b46a83834b5f0"
  name = "github.com/hhkbp2/go-strftime"
  packages = ["."]
  pruneopts = "UT"
  revision = "d82166ec6782f870431668391c2e321069632fe7"

[[projects]]
  digest = "1:31e761d97c76151dde79e9d28964a812c46efc5baee4085b86f68f0c654450de"
  name = "github.com/konsorten/go-windows-terminal-sequences"
  packages = ["."]
  pruneopts = "UT"
  revision = "f55edac94c9bbba5d6182a4be46d86a2c9b5b50e"
  version = "v1.0.2"

[[projects]]
  branch = "master"
  digest = "1:7f316b23a111ef33871ff4180406178c436099778e0fa81f772d6962063fd232"
  name = "github.com/mattbaird/elastigo"
  packages = ["lib"]
  pruneopts = "UT"
  revision = "2fe47fd29e4b70353f852ede77a196830d2924ec"

[[projects]]
  digest = "1:29895093e370d9da5fd1c9ab12a5855ccb568f28766e0c3ff159c4b0f09aa127"
  name = "github.com/mattn/go-isatty"
  packages = ["."]
  pruneopts = "UT"
  revision = "31745d66dd679ac0ac4f8d3ecff168fce6170c6a"
  version = "v0.0.11"

[[projects]]
  digest = "1:96df5bdca983e4b8c62682af5b67100b187d582ac6db0968d8af52e84138d1e6"
  name = "github.com/onrik/logrus"
  packages = ["filename"]
  pruneopts = "UT"
  revision = "53793512254a4e0167c1f8a8dfaea958cf2c9824"
  version = "v0.3.0"

[[projects]]
  digest = "1:e5d0bd87abc2781d14e274807a470acd180f0499f8bf5bb18606e9ec22ad9de9"
  name = "github.com/pborman/uuid"
  packages = ["."]
  pruneopts = "UT"
  revision = "adf5a7427709b9deb95d29d3fa8a2bf9cfd388f1"
  version = "v1.2"

[[projects]]
  digest = "1:061a10a76b0e34283ce6b0abbd8ad83e02cc8c2f46c56ce584ade36918f4078c"
  name = "github.com/sadlil/gologger"
  packages = [
    ".",
    "logger",
    "printer",
    "printer/console",
    "printer/es",
    "printer/file",
  ]
  pruneopts = "UT"
  revision = "e2f17a20cc0161bf59fd5e4d7b403ca9cf2dce2c"
  version = "v0"

[[projects]]
  branch = "master"
  digest = "1:44fbfce27cb96b7d20217634af466093485a3e8132820acbe95949cb64e7fc60"
  name = "github.com/shiena/ansicolor"
  packages = ["."]
  pruneopts = "UT"
  revision = "a422bbe96644373c5753384a59d678f7d261ff10"

[[projects]]
  digest = "1:04457f9f6f3ffc5fea48e71d62f2ca256637dee0a04d710288e27e05c8b41976"
  name = "github.com/sirupsen/logrus"
  packages = ["."]
  pruneopts = "UT"
  revision = "839c75faf7f98a33d445d181f3018b5c3409a45e"
  version = "v1.4.2"

[[projects]]
  branch = "master"
  digest = "1:04b24bb8ec92d73e7ee56c182a6eeb84f4483c09e1ccebe85c7fcf0ae8631afc"
  name = "github.com/yasuyuky/jsonpath"
  packages = ["."]
  pruneopts = "UT"
  revision = "1a88054325d2a06ac1ef404ff2b8313d822fca10"

[[projects]]
  branch = "master"
  digest = "1:9ca267f99487ef450fff0c2a49eaf0788d9ff3562bbaeff19f564d380f84bc6d"
  name = "golang.org/x/sys"
  packages = ["unix"]
  pruneopts = "UT"
  revision = "9cd6430ef91e39e1a0ec0470cf1321a33ef1b887"

[[projects]]
  branch = "v2"
  digest = "1:988de7520a09024d5d94cd99bd545afbf194893994ec759b1cda0a0bbb6adb80"
  name = "gopkg.in/mgo.v2"
  packages = [
    ".",
    "bson",
    "internal/json",
    "internal/sasl",
    "internal/scram",
  ]
  pruneopts = "UT"
  revision = "9856a29383ce1c59f308dd1cf0363a79b5bef6b5"

[[projects]]
  digest = "1:b75b3deb2bce8bc079e16bb2aecfe01eb80098f5650f9e93e5643ca8b7b73737"
  name = "gopkg.in/yaml.v2"
  packages = ["."]
  pruneopts = "UT"
  revision = "1f64d6156d11335c3f22d9330b0ad14fc1e789ce"
  version = "v2.2.7"

[solve-meta]
  analyzer-name = "dep"
  analyzer-version = 1
  input-imports = [
    "github.com/google/uuid",
    "github.com/gorilla/mux",
    "github.com/hhkbp2/go-logging",
    "github.com/onrik/logrus/filename",
    "github.com/pborman/uuid",
    "github.com/sadlil/gologger",
    "github.com/sirupsen/logrus",
    "github.com/yasuyuky/jsonpath",
    "gopkg.in/mgo.v2",
  ]
  solver-name = "gps-cdcl"
  solver-version = 1
